{
  "object": {
    "pins": [
      {
        "package": "URLImage",
        "repositoryURL": "https://github.com/dmytro-anokhin/url-image.git",
        "state": {
          "branch": null,
          "revision": "2f499e1b568b04ec0ad0a92179e3d7b44bd20676",
          "version": "2.2.0"
        }
      }
    ]
  },
  "version": 1
}
