// !$*UTF8*$!
{
	archiveVersion = 1;
	classes = {
	};
	objectVersion = 50;
	objects = {

/* Begin PBXBuildFile section */
		0B02BC1C26EEA4F400F395E6 /* LoginViewModel.swift in Sources */ = {isa = PBXBuildFile; fileRef = 0B17559925BF304D0094E75C /* LoginViewModel.swift */; };
		0B02BC1D26EEA58000F395E6 /* BrowserViewDelegate.swift in Sources */ = {isa = PBXBuildFile; fileRef = 0B2C15A725A6810E00ACB2C7 /* BrowserViewDelegate.swift */; };
		0B02BC2026EEAE0300F395E6 /* View.swift in Sources */ = {isa = PBXBuildFile; fileRef = 0B02BC1F26EEAE0300F395E6 /* View.swift */; };
		0B02BC2126EEAF6000F395E6 /* View.swift in Sources */ = {isa = PBXBuildFile; fileRef = 0B02BC1F26EEAE0300F395E6 /* View.swift */; };
		0B17559A25BF304D0094E75C /* LoginViewModel.swift in Sources */ = {isa = PBXBuildFile; fileRef = 0B17559925BF304D0094E75C /* LoginViewModel.swift */; };
		0B1755A325BF3A1A0094E75C /* LoginView.swift in Sources */ = {isa = PBXBuildFile; fileRef = 0B2C15BC25A681B300ACB2C7 /* LoginView.swift */; };
		0B2C14D625A6781400ACB2C7 /* Tests_iOS.swift in Sources */ = {isa = PBXBuildFile; fileRef = 0B2C14D525A6781400ACB2C7 /* Tests_iOS.swift */; };
		0B2C14E125A6781400ACB2C7 /* Tests_macOS.swift in Sources */ = {isa = PBXBuildFile; fileRef = 0B2C14E025A6781400ACB2C7 /* Tests_macOS.swift */; };
		0B2C14E325A6781400ACB2C7 /* Music_TransferApp.swift in Sources */ = {isa = PBXBuildFile; fileRef = 0B2C14BA25A6781300ACB2C7 /* Music_TransferApp.swift */; };
		0B2C14E425A6781400ACB2C7 /* Music_TransferApp.swift in Sources */ = {isa = PBXBuildFile; fileRef = 0B2C14BA25A6781300ACB2C7 /* Music_TransferApp.swift */; };
		0B2C14E525A6781400ACB2C7 /* TransferView.swift in Sources */ = {isa = PBXBuildFile; fileRef = 0B2C14BB25A6781300ACB2C7 /* TransferView.swift */; };
		0B2C14E625A6781400ACB2C7 /* TransferView.swift in Sources */ = {isa = PBXBuildFile; fileRef = 0B2C14BB25A6781300ACB2C7 /* TransferView.swift */; };
		0B2C14E725A6781400ACB2C7 /* Assets.xcassets in Resources */ = {isa = PBXBuildFile; fileRef = 0B2C14BC25A6781300ACB2C7 /* Assets.xcassets */; };
		0B2C14E825A6781400ACB2C7 /* Assets.xcassets in Resources */ = {isa = PBXBuildFile; fileRef = 0B2C14BC25A6781300ACB2C7 /* Assets.xcassets */; };
		0B2C150B25A67E6000ACB2C7 /* APIService.swift in Sources */ = {isa = PBXBuildFile; fileRef = 0B2C150A25A67E6000ACB2C7 /* APIService.swift */; };
		0B2C150C25A67E6000ACB2C7 /* APIService.swift in Sources */ = {isa = PBXBuildFile; fileRef = 0B2C150A25A67E6000ACB2C7 /* APIService.swift */; };
		0B2C151725A67E8800ACB2C7 /* APIBrowser.swift in Sources */ = {isa = PBXBuildFile; fileRef = 0B2C151525A67E8800ACB2C7 /* APIBrowser.swift */; };
		0B2C152525A67EDA00ACB2C7 /* VKService.swift in Sources */ = {isa = PBXBuildFile; fileRef = 0B2C152425A67EDA00ACB2C7 /* VKService.swift */; };
		0B2C152625A67EDA00ACB2C7 /* VKService.swift in Sources */ = {isa = PBXBuildFile; fileRef = 0B2C152425A67EDA00ACB2C7 /* VKService.swift */; };
		0B2C152C25A67EF400ACB2C7 /* SpotifyService.swift in Sources */ = {isa = PBXBuildFile; fileRef = 0B2C152B25A67EF400ACB2C7 /* SpotifyService.swift */; };
		0B2C152D25A67EF400ACB2C7 /* SpotifyService.swift in Sources */ = {isa = PBXBuildFile; fileRef = 0B2C152B25A67EF400ACB2C7 /* SpotifyService.swift */; };
		0B2C153425A67F1C00ACB2C7 /* SpotifyBrowser.swift in Sources */ = {isa = PBXBuildFile; fileRef = 0B2C153225A67F1C00ACB2C7 /* SpotifyBrowser.swift */; };
		0B2C153B25A67F5A00ACB2C7 /* SharedTrack.swift in Sources */ = {isa = PBXBuildFile; fileRef = 0B2C153A25A67F5A00ACB2C7 /* SharedTrack.swift */; };
		0B2C153C25A67F5A00ACB2C7 /* SharedTrack.swift in Sources */ = {isa = PBXBuildFile; fileRef = 0B2C153A25A67F5A00ACB2C7 /* SharedTrack.swift */; };
		0B2C154825A67FA100ACB2C7 /* SpotifySavedTracks.swift in Sources */ = {isa = PBXBuildFile; fileRef = 0B2C154725A67FA100ACB2C7 /* SpotifySavedTracks.swift */; };
		0B2C154925A67FA100ACB2C7 /* SpotifySavedTracks.swift in Sources */ = {isa = PBXBuildFile; fileRef = 0B2C154725A67FA100ACB2C7 /* SpotifySavedTracks.swift */; };
		0B2C155325A67FB400ACB2C7 /* SpotifySearchTracks.swift in Sources */ = {isa = PBXBuildFile; fileRef = 0B2C155225A67FB400ACB2C7 /* SpotifySearchTracks.swift */; };
		0B2C155425A67FB400ACB2C7 /* SpotifySearchTracks.swift in Sources */ = {isa = PBXBuildFile; fileRef = 0B2C155225A67FB400ACB2C7 /* SpotifySearchTracks.swift */; };
		0B2C155A25A67FCE00ACB2C7 /* VKUser.swift in Sources */ = {isa = PBXBuildFile; fileRef = 0B2C155925A67FCE00ACB2C7 /* VKUser.swift */; };
		0B2C155B25A67FCE00ACB2C7 /* VKUser.swift in Sources */ = {isa = PBXBuildFile; fileRef = 0B2C155925A67FCE00ACB2C7 /* VKUser.swift */; };
		0B2C156125A67FE700ACB2C7 /* VKSavedTracks.swift in Sources */ = {isa = PBXBuildFile; fileRef = 0B2C156025A67FE700ACB2C7 /* VKSavedTracks.swift */; };
		0B2C156225A67FE700ACB2C7 /* VKSavedTracks.swift in Sources */ = {isa = PBXBuildFile; fileRef = 0B2C156025A67FE700ACB2C7 /* VKSavedTracks.swift */; };
		0B2C156825A67FFE00ACB2C7 /* VKCaptcha.swift in Sources */ = {isa = PBXBuildFile; fileRef = 0B2C156725A67FFE00ACB2C7 /* VKCaptcha.swift */; };
		0B2C156925A67FFE00ACB2C7 /* VKCaptcha.swift in Sources */ = {isa = PBXBuildFile; fileRef = 0B2C156725A67FFE00ACB2C7 /* VKCaptcha.swift */; };
		0B2C156F25A6801400ACB2C7 /* VKErrors.swift in Sources */ = {isa = PBXBuildFile; fileRef = 0B2C156E25A6801400ACB2C7 /* VKErrors.swift */; };
		0B2C157025A6801400ACB2C7 /* VKErrors.swift in Sources */ = {isa = PBXBuildFile; fileRef = 0B2C156E25A6801400ACB2C7 /* VKErrors.swift */; };
		0B2C157625A6802800ACB2C7 /* VKAddTrack.swift in Sources */ = {isa = PBXBuildFile; fileRef = 0B2C157525A6802800ACB2C7 /* VKAddTrack.swift */; };
		0B2C157725A6802800ACB2C7 /* VKAddTrack.swift in Sources */ = {isa = PBXBuildFile; fileRef = 0B2C157525A6802800ACB2C7 /* VKAddTrack.swift */; };
		0B2C158325A6806800ACB2C7 /* ToolsView.swift in Sources */ = {isa = PBXBuildFile; fileRef = 0B2C158125A6806800ACB2C7 /* ToolsView.swift */; };
		0B2C159225A680B400ACB2C7 /* ProgressView.swift in Sources */ = {isa = PBXBuildFile; fileRef = 0B2C159025A680B400ACB2C7 /* ProgressView.swift */; };
		0B2C159E25A680F700ACB2C7 /* BrowserView.swift in Sources */ = {isa = PBXBuildFile; fileRef = 0B2C159C25A680F700ACB2C7 /* BrowserView.swift */; };
		0B2C15B025A6811E00ACB2C7 /* CaptchaView.swift in Sources */ = {isa = PBXBuildFile; fileRef = 0B2C15AE25A6811E00ACB2C7 /* CaptchaView.swift */; };
		0B2C15BE25A681B300ACB2C7 /* LoginView.swift in Sources */ = {isa = PBXBuildFile; fileRef = 0B2C15BC25A681B300ACB2C7 /* LoginView.swift */; };
		0B2C15CC25A681EC00ACB2C7 /* TracksTable.swift in Sources */ = {isa = PBXBuildFile; fileRef = 0B2C15CA25A681EC00ACB2C7 /* TracksTable.swift */; };
		0B2C15D325A6821500ACB2C7 /* TracksTableRow.swift in Sources */ = {isa = PBXBuildFile; fileRef = 0B2C15D125A6821500ACB2C7 /* TracksTableRow.swift */; };
		0B2C15DA25A6822800ACB2C7 /* TracksTableViewDelegate.swift in Sources */ = {isa = PBXBuildFile; fileRef = 0B2C15D825A6822800ACB2C7 /* TracksTableViewDelegate.swift */; };
		0B2C15E025A682A000ACB2C7 /* Constants.swift in Sources */ = {isa = PBXBuildFile; fileRef = 0B2C15DF25A682A000ACB2C7 /* Constants.swift */; };
		0B2C15E125A682A000ACB2C7 /* Constants.swift in Sources */ = {isa = PBXBuildFile; fileRef = 0B2C15DF25A682A000ACB2C7 /* Constants.swift */; };
		0B2C160125A6841800ACB2C7 /* VKKeys.swift in Sources */ = {isa = PBXBuildFile; fileRef = 0B2C160025A6841800ACB2C7 /* VKKeys.swift */; };
		0B2C160225A6841800ACB2C7 /* VKKeys.swift in Sources */ = {isa = PBXBuildFile; fileRef = 0B2C160025A6841800ACB2C7 /* VKKeys.swift */; };
		0B2C160825A6843000ACB2C7 /* SpotifyKeys.swift in Sources */ = {isa = PBXBuildFile; fileRef = 0B2C160725A6843000ACB2C7 /* SpotifyKeys.swift */; };
		0B2C160925A6843000ACB2C7 /* SpotifyKeys.swift in Sources */ = {isa = PBXBuildFile; fileRef = 0B2C160725A6843000ACB2C7 /* SpotifyKeys.swift */; };
		0B42352B26E431A6007CAAB7 /* TransferState.swift in Sources */ = {isa = PBXBuildFile; fileRef = 0B42352A26E431A6007CAAB7 /* TransferState.swift */; };
		0B42352C26E431A6007CAAB7 /* TransferState.swift in Sources */ = {isa = PBXBuildFile; fileRef = 0B42352A26E431A6007CAAB7 /* TransferState.swift */; };
		0B42353126E4D0F2007CAAB7 /* Captcha.swift in Sources */ = {isa = PBXBuildFile; fileRef = 0B42353026E4D0F2007CAAB7 /* Captcha.swift */; };
		0B42353226E4D0F2007CAAB7 /* Captcha.swift in Sources */ = {isa = PBXBuildFile; fileRef = 0B42353026E4D0F2007CAAB7 /* Captcha.swift */; };
		0B42353326E4F5E1007CAAB7 /* CaptchaView.swift in Sources */ = {isa = PBXBuildFile; fileRef = 0B2C15AE25A6811E00ACB2C7 /* CaptchaView.swift */; };
		0B42353526E96A69007CAAB7 /* CaptchaRequestView.swift in Sources */ = {isa = PBXBuildFile; fileRef = 0B42353426E96A69007CAAB7 /* CaptchaRequestView.swift */; };
		0B42353626E96A6A007CAAB7 /* CaptchaRequestView.swift in Sources */ = {isa = PBXBuildFile; fileRef = 0B42353426E96A69007CAAB7 /* CaptchaRequestView.swift */; };
		0B63AD4E25BB3241001252F2 /* ProgressView.swift in Sources */ = {isa = PBXBuildFile; fileRef = 0B2C159025A680B400ACB2C7 /* ProgressView.swift */; };
		0BC2634425BCE90C00820FE0 /* TracksTableRow.swift in Sources */ = {isa = PBXBuildFile; fileRef = 0B2C15D125A6821500ACB2C7 /* TracksTableRow.swift */; };
		0BC2634925BCE91000820FE0 /* TracksTable.swift in Sources */ = {isa = PBXBuildFile; fileRef = 0B2C15CA25A681EC00ACB2C7 /* TracksTable.swift */; };
		0BC2635C25BD815300820FE0 /* HistoryView.swift in Sources */ = {isa = PBXBuildFile; fileRef = 0BC2635B25BD815300820FE0 /* HistoryView.swift */; };
		0BC2635D25BD815300820FE0 /* HistoryView.swift in Sources */ = {isa = PBXBuildFile; fileRef = 0BC2635B25BD815300820FE0 /* HistoryView.swift */; };
		0BC2639A25BD9B7B00820FE0 /* APIBrowser.swift in Sources */ = {isa = PBXBuildFile; fileRef = 0B2C151525A67E8800ACB2C7 /* APIBrowser.swift */; };
		0BC2639F25BD9B7F00820FE0 /* SpotifyBrowser.swift in Sources */ = {isa = PBXBuildFile; fileRef = 0B2C153225A67F1C00ACB2C7 /* SpotifyBrowser.swift */; };
		0BC263A425BD9B9F00820FE0 /* BrowserView.swift in Sources */ = {isa = PBXBuildFile; fileRef = 0B2C159C25A680F700ACB2C7 /* BrowserView.swift */; };
		0BC8D84F260943DB00AC204E /* ToolsView.swift in Sources */ = {isa = PBXBuildFile; fileRef = 0B2C158125A6806800ACB2C7 /* ToolsView.swift */; };
		0BC8D85F260A890000AC204E /* CaptchaViewModel.swift in Sources */ = {isa = PBXBuildFile; fileRef = 0BC8D85E260A890000AC204E /* CaptchaViewModel.swift */; };
		0BC8D860260A890000AC204E /* CaptchaViewModel.swift in Sources */ = {isa = PBXBuildFile; fileRef = 0BC8D85E260A890000AC204E /* CaptchaViewModel.swift */; };
		0BE6DCA827124A20003BEC3B /* Log.swift in Sources */ = {isa = PBXBuildFile; fileRef = 0BE6DCA727124A20003BEC3B /* Log.swift */; };
		0BE6DCAA27124A43003BEC3B /* Logger.swift in Sources */ = {isa = PBXBuildFile; fileRef = 0BE6DCA927124A43003BEC3B /* Logger.swift */; };
		0BE6DCAC27124A56003BEC3B /* LogType.swift in Sources */ = {isa = PBXBuildFile; fileRef = 0BE6DCAB27124A56003BEC3B /* LogType.swift */; };
		0BE6DCAF27124B49003BEC3B /* NetworkService.swift in Sources */ = {isa = PBXBuildFile; fileRef = 0BE6DCAE27124B49003BEC3B /* NetworkService.swift */; };
		0BE6DCB027124CBE003BEC3B /* Log.swift in Sources */ = {isa = PBXBuildFile; fileRef = 0BE6DCA727124A20003BEC3B /* Log.swift */; };
		0BE6DCB127124CC1003BEC3B /* LogType.swift in Sources */ = {isa = PBXBuildFile; fileRef = 0BE6DCAB27124A56003BEC3B /* LogType.swift */; };
		0BE6DCB227124CC4003BEC3B /* Logger.swift in Sources */ = {isa = PBXBuildFile; fileRef = 0BE6DCA927124A43003BEC3B /* Logger.swift */; };
		0BE6DCB327124CC7003BEC3B /* NetworkService.swift in Sources */ = {isa = PBXBuildFile; fileRef = 0BE6DCAE27124B49003BEC3B /* NetworkService.swift */; };
		0BE6DCB527124D65003BEC3B /* RequestError.swift in Sources */ = {isa = PBXBuildFile; fileRef = 0BE6DCB427124D65003BEC3B /* RequestError.swift */; };
		0BE6DCB627124D86003BEC3B /* RequestError.swift in Sources */ = {isa = PBXBuildFile; fileRef = 0BE6DCB427124D65003BEC3B /* RequestError.swift */; };
		0BE6DCB8271251C6003BEC3B /* String.swift in Sources */ = {isa = PBXBuildFile; fileRef = 0BE6DCB7271251C6003BEC3B /* String.swift */; };
		0BE6DCB927125705003BEC3B /* String.swift in Sources */ = {isa = PBXBuildFile; fileRef = 0BE6DCB7271251C6003BEC3B /* String.swift */; };
		2E01063F3A9C948D8241D220 /* libPods-Music Transfer (macOS).a in Frameworks */ = {isa = PBXBuildFile; fileRef = A656BF3686459084095FA1DD /* libPods-Music Transfer (macOS).a */; };
		D223504747E68BAAB8D15DE0 /* libPods-Music Transfer (iOS).a in Frameworks */ = {isa = PBXBuildFile; fileRef = 18E7ADCCD331BE1D04A6E889 /* libPods-Music Transfer (iOS).a */; };
/* End PBXBuildFile section */

/* Begin PBXContainerItemProxy section */
		0B2C14D225A6781400ACB2C7 /* PBXContainerItemProxy */ = {
			isa = PBXContainerItemProxy;
			containerPortal = 0B2C14B525A6781300ACB2C7 /* Project object */;
			proxyType = 1;
			remoteGlobalIDString = 0B2C14C025A6781300ACB2C7;
			remoteInfo = "Music Transfer (iOS)";
		};
		0B2C14DD25A6781400ACB2C7 /* PBXContainerItemProxy */ = {
			isa = PBXContainerItemProxy;
			containerPortal = 0B2C14B525A6781300ACB2C7 /* Project object */;
			proxyType = 1;
			remoteGlobalIDString = 0B2C14C825A6781300ACB2C7;
			remoteInfo = "Music Transfer (macOS)";
		};
/* End PBXContainerItemProxy section */

/* Begin PBXFileReference section */
		0B02BC1F26EEAE0300F395E6 /* View.swift */ = {isa = PBXFileReference; lastKnownFileType = sourcecode.swift; path = View.swift; sourceTree = "<group>"; };
		0B17559925BF304D0094E75C /* LoginViewModel.swift */ = {isa = PBXFileReference; lastKnownFileType = sourcecode.swift; path = LoginViewModel.swift; sourceTree = "<group>"; };
		0B2C14BA25A6781300ACB2C7 /* Music_TransferApp.swift */ = {isa = PBXFileReference; lastKnownFileType = sourcecode.swift; path = Music_TransferApp.swift; sourceTree = "<group>"; };
		0B2C14BB25A6781300ACB2C7 /* TransferView.swift */ = {isa = PBXFileReference; lastKnownFileType = sourcecode.swift; path = TransferView.swift; sourceTree = "<group>"; };
		0B2C14BC25A6781300ACB2C7 /* Assets.xcassets */ = {isa = PBXFileReference; lastKnownFileType = folder.assetcatalog; path = Assets.xcassets; sourceTree = "<group>"; };
		0B2C14C125A6781300ACB2C7 /* Music Transfer.app */ = {isa = PBXFileReference; explicitFileType = wrapper.application; includeInIndex = 0; path = "Music Transfer.app"; sourceTree = BUILT_PRODUCTS_DIR; };
		0B2C14C425A6781300ACB2C7 /* Info.plist */ = {isa = PBXFileReference; lastKnownFileType = text.plist.xml; path = Info.plist; sourceTree = "<group>"; };
		0B2C14C925A6781300ACB2C7 /* Music Transfer.app */ = {isa = PBXFileReference; explicitFileType = wrapper.application; includeInIndex = 0; path = "Music Transfer.app"; sourceTree = BUILT_PRODUCTS_DIR; };
		0B2C14CB25A6781300ACB2C7 /* Info.plist */ = {isa = PBXFileReference; lastKnownFileType = text.plist.xml; path = Info.plist; sourceTree = "<group>"; };
		0B2C14CC25A6781300ACB2C7 /* macOS.entitlements */ = {isa = PBXFileReference; lastKnownFileType = text.plist.entitlements; path = macOS.entitlements; sourceTree = "<group>"; };
		0B2C14D125A6781300ACB2C7 /* Tests iOS.xctest */ = {isa = PBXFileReference; explicitFileType = wrapper.cfbundle; includeInIndex = 0; path = "Tests iOS.xctest"; sourceTree = BUILT_PRODUCTS_DIR; };
		0B2C14D525A6781400ACB2C7 /* Tests_iOS.swift */ = {isa = PBXFileReference; lastKnownFileType = sourcecode.swift; path = Tests_iOS.swift; sourceTree = "<group>"; };
		0B2C14D725A6781400ACB2C7 /* Info.plist */ = {isa = PBXFileReference; lastKnownFileType = text.plist.xml; path = Info.plist; sourceTree = "<group>"; };
		0B2C14DC25A6781400ACB2C7 /* Tests macOS.xctest */ = {isa = PBXFileReference; explicitFileType = wrapper.cfbundle; includeInIndex = 0; path = "Tests macOS.xctest"; sourceTree = BUILT_PRODUCTS_DIR; };
		0B2C14E025A6781400ACB2C7 /* Tests_macOS.swift */ = {isa = PBXFileReference; lastKnownFileType = sourcecode.swift; path = Tests_macOS.swift; sourceTree = "<group>"; };
		0B2C14E225A6781400ACB2C7 /* Info.plist */ = {isa = PBXFileReference; lastKnownFileType = text.plist.xml; path = Info.plist; sourceTree = "<group>"; };
		0B2C150A25A67E6000ACB2C7 /* APIService.swift */ = {isa = PBXFileReference; lastKnownFileType = sourcecode.swift; path = APIService.swift; sourceTree = "<group>"; };
		0B2C151525A67E8800ACB2C7 /* APIBrowser.swift */ = {isa = PBXFileReference; lastKnownFileType = sourcecode.swift; path = APIBrowser.swift; sourceTree = "<group>"; };
		0B2C152425A67EDA00ACB2C7 /* VKService.swift */ = {isa = PBXFileReference; lastKnownFileType = sourcecode.swift; path = VKService.swift; sourceTree = "<group>"; };
		0B2C152B25A67EF400ACB2C7 /* SpotifyService.swift */ = {isa = PBXFileReference; lastKnownFileType = sourcecode.swift; path = SpotifyService.swift; sourceTree = "<group>"; };
		0B2C153225A67F1C00ACB2C7 /* SpotifyBrowser.swift */ = {isa = PBXFileReference; lastKnownFileType = sourcecode.swift; path = SpotifyBrowser.swift; sourceTree = "<group>"; };
		0B2C153A25A67F5A00ACB2C7 /* SharedTrack.swift */ = {isa = PBXFileReference; lastKnownFileType = sourcecode.swift; path = SharedTrack.swift; sourceTree = "<group>"; };
		0B2C154725A67FA100ACB2C7 /* SpotifySavedTracks.swift */ = {isa = PBXFileReference; lastKnownFileType = sourcecode.swift; path = SpotifySavedTracks.swift; sourceTree = "<group>"; };
		0B2C155225A67FB400ACB2C7 /* SpotifySearchTracks.swift */ = {isa = PBXFileReference; lastKnownFileType = sourcecode.swift; path = SpotifySearchTracks.swift; sourceTree = "<group>"; };
		0B2C155925A67FCE00ACB2C7 /* VKUser.swift */ = {isa = PBXFileReference; lastKnownFileType = sourcecode.swift; path = VKUser.swift; sourceTree = "<group>"; };
		0B2C156025A67FE700ACB2C7 /* VKSavedTracks.swift */ = {isa = PBXFileReference; lastKnownFileType = sourcecode.swift; path = VKSavedTracks.swift; sourceTree = "<group>"; };
		0B2C156725A67FFE00ACB2C7 /* VKCaptcha.swift */ = {isa = PBXFileReference; lastKnownFileType = sourcecode.swift; path = VKCaptcha.swift; sourceTree = "<group>"; };
		0B2C156E25A6801400ACB2C7 /* VKErrors.swift */ = {isa = PBXFileReference; lastKnownFileType = sourcecode.swift; path = VKErrors.swift; sourceTree = "<group>"; };
		0B2C157525A6802800ACB2C7 /* VKAddTrack.swift */ = {isa = PBXFileReference; lastKnownFileType = sourcecode.swift; path = VKAddTrack.swift; sourceTree = "<group>"; };
		0B2C158125A6806800ACB2C7 /* ToolsView.swift */ = {isa = PBXFileReference; lastKnownFileType = sourcecode.swift; path = ToolsView.swift; sourceTree = "<group>"; };
		0B2C159025A680B400ACB2C7 /* ProgressView.swift */ = {isa = PBXFileReference; lastKnownFileType = sourcecode.swift; path = ProgressView.swift; sourceTree = "<group>"; };
		0B2C159C25A680F700ACB2C7 /* BrowserView.swift */ = {isa = PBXFileReference; lastKnownFileType = sourcecode.swift; path = BrowserView.swift; sourceTree = "<group>"; };
		0B2C15A725A6810E00ACB2C7 /* BrowserViewDelegate.swift */ = {isa = PBXFileReference; lastKnownFileType = sourcecode.swift; path = BrowserViewDelegate.swift; sourceTree = "<group>"; };
		0B2C15AE25A6811E00ACB2C7 /* CaptchaView.swift */ = {isa = PBXFileReference; lastKnownFileType = sourcecode.swift; path = CaptchaView.swift; sourceTree = "<group>"; };
		0B2C15BC25A681B300ACB2C7 /* LoginView.swift */ = {isa = PBXFileReference; lastKnownFileType = sourcecode.swift; path = LoginView.swift; sourceTree = "<group>"; };
		0B2C15CA25A681EC00ACB2C7 /* TracksTable.swift */ = {isa = PBXFileReference; lastKnownFileType = sourcecode.swift; path = TracksTable.swift; sourceTree = "<group>"; };
		0B2C15D125A6821500ACB2C7 /* TracksTableRow.swift */ = {isa = PBXFileReference; lastKnownFileType = sourcecode.swift; path = TracksTableRow.swift; sourceTree = "<group>"; };
		0B2C15D825A6822800ACB2C7 /* TracksTableViewDelegate.swift */ = {isa = PBXFileReference; lastKnownFileType = sourcecode.swift; path = TracksTableViewDelegate.swift; sourceTree = "<group>"; };
		0B2C15DF25A682A000ACB2C7 /* Constants.swift */ = {isa = PBXFileReference; lastKnownFileType = sourcecode.swift; path = Constants.swift; sourceTree = "<group>"; };
		0B2C160025A6841800ACB2C7 /* VKKeys.swift */ = {isa = PBXFileReference; lastKnownFileType = sourcecode.swift; path = VKKeys.swift; sourceTree = "<group>"; };
		0B2C160725A6843000ACB2C7 /* SpotifyKeys.swift */ = {isa = PBXFileReference; lastKnownFileType = sourcecode.swift; path = SpotifyKeys.swift; sourceTree = "<group>"; };
		0B42352A26E431A6007CAAB7 /* TransferState.swift */ = {isa = PBXFileReference; lastKnownFileType = sourcecode.swift; path = TransferState.swift; sourceTree = "<group>"; };
		0B42353026E4D0F2007CAAB7 /* Captcha.swift */ = {isa = PBXFileReference; lastKnownFileType = sourcecode.swift; path = Captcha.swift; sourceTree = "<group>"; };
		0B42353426E96A69007CAAB7 /* CaptchaRequestView.swift */ = {isa = PBXFileReference; lastKnownFileType = sourcecode.swift; path = CaptchaRequestView.swift; sourceTree = "<group>"; };
		0BC2635B25BD815300820FE0 /* HistoryView.swift */ = {isa = PBXFileReference; lastKnownFileType = sourcecode.swift; path = HistoryView.swift; sourceTree = "<group>"; };
		0BC8D85E260A890000AC204E /* CaptchaViewModel.swift */ = {isa = PBXFileReference; lastKnownFileType = sourcecode.swift; path = CaptchaViewModel.swift; sourceTree = "<group>"; };
		0BE6DCA727124A20003BEC3B /* Log.swift */ = {isa = PBXFileReference; lastKnownFileType = sourcecode.swift; path = Log.swift; sourceTree = "<group>"; };
		0BE6DCA927124A43003BEC3B /* Logger.swift */ = {isa = PBXFileReference; lastKnownFileType = sourcecode.swift; path = Logger.swift; sourceTree = "<group>"; };
		0BE6DCAB27124A56003BEC3B /* LogType.swift */ = {isa = PBXFileReference; lastKnownFileType = sourcecode.swift; path = LogType.swift; sourceTree = "<group>"; };
		0BE6DCAE27124B49003BEC3B /* NetworkService.swift */ = {isa = PBXFileReference; lastKnownFileType = sourcecode.swift; path = NetworkService.swift; sourceTree = "<group>"; };
		0BE6DCB427124D65003BEC3B /* RequestError.swift */ = {isa = PBXFileReference; lastKnownFileType = sourcecode.swift; path = RequestError.swift; sourceTree = "<group>"; };
		0BE6DCB7271251C6003BEC3B /* String.swift */ = {isa = PBXFileReference; lastKnownFileType = sourcecode.swift; path = String.swift; sourceTree = "<group>"; };
		18E7ADCCD331BE1D04A6E889 /* libPods-Music Transfer (iOS).a */ = {isa = PBXFileReference; explicitFileType = archive.ar; includeInIndex = 0; path = "libPods-Music Transfer (iOS).a"; sourceTree = BUILT_PRODUCTS_DIR; };
		23B1DAB7E4A98C795BB4878B /* Pods-Music Transfer (iOS).release.xcconfig */ = {isa = PBXFileReference; includeInIndex = 1; lastKnownFileType = text.xcconfig; name = "Pods-Music Transfer (iOS).release.xcconfig"; path = "Target Support Files/Pods-Music Transfer (iOS)/Pods-Music Transfer (iOS).release.xcconfig"; sourceTree = "<group>"; };
		79C983236031E66044334244 /* Pods-Music Transfer (macOS).debug.xcconfig */ = {isa = PBXFileReference; includeInIndex = 1; lastKnownFileType = text.xcconfig; name = "Pods-Music Transfer (macOS).debug.xcconfig"; path = "Target Support Files/Pods-Music Transfer (macOS)/Pods-Music Transfer (macOS).debug.xcconfig"; sourceTree = "<group>"; };
		7EEE3FB1BA30BB4DBC526ACB /* Pods-Music Transfer (iOS).debug.xcconfig */ = {isa = PBXFileReference; includeInIndex = 1; lastKnownFileType = text.xcconfig; name = "Pods-Music Transfer (iOS).debug.xcconfig"; path = "Target Support Files/Pods-Music Transfer (iOS)/Pods-Music Transfer (iOS).debug.xcconfig"; sourceTree = "<group>"; };
		8876561E8B46D3247135A453 /* Pods-Music Transfer (macOS).release.xcconfig */ = {isa = PBXFileReference; includeInIndex = 1; lastKnownFileType = text.xcconfig; name = "Pods-Music Transfer (macOS).release.xcconfig"; path = "Target Support Files/Pods-Music Transfer (macOS)/Pods-Music Transfer (macOS).release.xcconfig"; sourceTree = "<group>"; };
		A656BF3686459084095FA1DD /* libPods-Music Transfer (macOS).a */ = {isa = PBXFileReference; explicitFileType = archive.ar; includeInIndex = 0; path = "libPods-Music Transfer (macOS).a"; sourceTree = BUILT_PRODUCTS_DIR; };
/* End PBXFileReference section */

/* Begin PBXFrameworksBuildPhase section */
		0B2C14BE25A6781300ACB2C7 /* Frameworks */ = {
			isa = PBXFrameworksBuildPhase;
			buildActionMask = 2147483647;
			files = (
				D223504747E68BAAB8D15DE0 /* libPods-Music Transfer (iOS).a in Frameworks */,
			);
			runOnlyForDeploymentPostprocessing = 0;
		};
		0B2C14C625A6781300ACB2C7 /* Frameworks */ = {
			isa = PBXFrameworksBuildPhase;
			buildActionMask = 2147483647;
			files = (
				2E01063F3A9C948D8241D220 /* libPods-Music Transfer (macOS).a in Frameworks */,
			);
			runOnlyForDeploymentPostprocessing = 0;
		};
		0B2C14CE25A6781300ACB2C7 /* Frameworks */ = {
			isa = PBXFrameworksBuildPhase;
			buildActionMask = 2147483647;
			files = (
			);
			runOnlyForDeploymentPostprocessing = 0;
		};
		0B2C14D925A6781400ACB2C7 /* Frameworks */ = {
			isa = PBXFrameworksBuildPhase;
			buildActionMask = 2147483647;
			files = (
			);
			runOnlyForDeploymentPostprocessing = 0;
		};
/* End PBXFrameworksBuildPhase section */

/* Begin PBXGroup section */
		0B02BC1E26EEADEC00F395E6 /* Extensions */ = {
			isa = PBXGroup;
			children = (
				0B02BC1F26EEAE0300F395E6 /* View.swift */,
				0BE6DCB7271251C6003BEC3B /* String.swift */,
			);
			path = Extensions;
			sourceTree = "<group>";
		};
		0B0AB42625B8A35F003254E8 /* Browser */ = {
			isa = PBXGroup;
			children = (
				0B2C151525A67E8800ACB2C7 /* APIBrowser.swift */,
				0B2C153225A67F1C00ACB2C7 /* SpotifyBrowser.swift */,
			);
			path = Browser;
			sourceTree = "<group>";
		};
		0B2C14B425A6781300ACB2C7 = {
			isa = PBXGroup;
			children = (
				0B2C14B925A6781300ACB2C7 /* Shared */,
				0B2C14C325A6781300ACB2C7 /* iOS */,
				0B2C14CA25A6781300ACB2C7 /* macOS */,
				0B2C14D425A6781400ACB2C7 /* Tests iOS */,
				0B2C14DF25A6781400ACB2C7 /* Tests macOS */,
				0B2C14C225A6781300ACB2C7 /* Products */,
				0B2C15F925A683C800ACB2C7 /* Frameworks */,
				3A4887CC3B4465DB9AE0DB68 /* Pods */,
			);
			sourceTree = "<group>";
		};
		0B2C14B925A6781300ACB2C7 /* Shared */ = {
			isa = PBXGroup;
			children = (
				0B42352A26E431A6007CAAB7 /* TransferState.swift */,
				0B2C150625A67E2700ACB2C7 /* API */,
				0B0AB42625B8A35F003254E8 /* Browser */,
				0B02BC1E26EEADEC00F395E6 /* Extensions */,
				0BE6DCA6271249D0003BEC3B /* Logs */,
				0B2C153925A67F3B00ACB2C7 /* Models */,
				0BE6DCAD27124B1B003BEC3B /* Network */,
				0B9D64A025B8AED800A0B0C8 /* View */,
				0B2C15DF25A682A000ACB2C7 /* Constants.swift */,
				0B2C14BA25A6781300ACB2C7 /* Music_TransferApp.swift */,
				0B2C14BC25A6781300ACB2C7 /* Assets.xcassets */,
			);
			path = Shared;
			sourceTree = "<group>";
		};
		0B2C14C225A6781300ACB2C7 /* Products */ = {
			isa = PBXGroup;
			children = (
				0B2C14C125A6781300ACB2C7 /* Music Transfer.app */,
				0B2C14C925A6781300ACB2C7 /* Music Transfer.app */,
				0B2C14D125A6781300ACB2C7 /* Tests iOS.xctest */,
				0B2C14DC25A6781400ACB2C7 /* Tests macOS.xctest */,
			);
			name = Products;
			sourceTree = "<group>";
		};
		0B2C14C325A6781300ACB2C7 /* iOS */ = {
			isa = PBXGroup;
			children = (
				0BC8D854260A029200AC204E /* Model */,
				0B63ACB425BA08DD001252F2 /* View */,
				0B2C14C425A6781300ACB2C7 /* Info.plist */,
			);
			path = iOS;
			sourceTree = "<group>";
		};
		0B2C14CA25A6781300ACB2C7 /* macOS */ = {
			isa = PBXGroup;
			children = (
				0B2C158025A6805100ACB2C7 /* View */,
				0B2C14CB25A6781300ACB2C7 /* Info.plist */,
				0B2C14CC25A6781300ACB2C7 /* macOS.entitlements */,
			);
			path = macOS;
			sourceTree = "<group>";
		};
		0B2C14D425A6781400ACB2C7 /* Tests iOS */ = {
			isa = PBXGroup;
			children = (
				0B2C14D525A6781400ACB2C7 /* Tests_iOS.swift */,
				0B2C14D725A6781400ACB2C7 /* Info.plist */,
			);
			path = "Tests iOS";
			sourceTree = "<group>";
		};
		0B2C14DF25A6781400ACB2C7 /* Tests macOS */ = {
			isa = PBXGroup;
			children = (
				0B2C14E025A6781400ACB2C7 /* Tests_macOS.swift */,
				0B2C14E225A6781400ACB2C7 /* Info.plist */,
			);
			path = "Tests macOS";
			sourceTree = "<group>";
		};
		0B2C150625A67E2700ACB2C7 /* API */ = {
			isa = PBXGroup;
			children = (
				0B2C150A25A67E6000ACB2C7 /* APIService.swift */,
				0B2C152B25A67EF400ACB2C7 /* SpotifyService.swift */,
				0B2C152425A67EDA00ACB2C7 /* VKService.swift */,
				0B2C150725A67E3900ACB2C7 /* Keys */,
			);
			path = API;
			sourceTree = "<group>";
		};
		0B2C150725A67E3900ACB2C7 /* Keys */ = {
			isa = PBXGroup;
			children = (
				0B2C160725A6843000ACB2C7 /* SpotifyKeys.swift */,
				0B2C160025A6841800ACB2C7 /* VKKeys.swift */,
			);
			path = Keys;
			sourceTree = "<group>";
		};
		0B2C153925A67F3B00ACB2C7 /* Models */ = {
			isa = PBXGroup;
			children = (
				0B17559925BF304D0094E75C /* LoginViewModel.swift */,
				0BC8D85E260A890000AC204E /* CaptchaViewModel.swift */,
				0B2C153A25A67F5A00ACB2C7 /* SharedTrack.swift */,
				0B2C154625A67F7600ACB2C7 /* Spotify */,
				0B2C154525A67F6C00ACB2C7 /* VK */,
				0B42353026E4D0F2007CAAB7 /* Captcha.swift */,
			);
			path = Models;
			sourceTree = "<group>";
		};
		0B2C154525A67F6C00ACB2C7 /* VK */ = {
			isa = PBXGroup;
			children = (
				0B2C157525A6802800ACB2C7 /* VKAddTrack.swift */,
				0B2C156725A67FFE00ACB2C7 /* VKCaptcha.swift */,
				0B2C156E25A6801400ACB2C7 /* VKErrors.swift */,
				0B2C156025A67FE700ACB2C7 /* VKSavedTracks.swift */,
				0B2C155925A67FCE00ACB2C7 /* VKUser.swift */,
			);
			path = VK;
			sourceTree = "<group>";
		};
		0B2C154625A67F7600ACB2C7 /* Spotify */ = {
			isa = PBXGroup;
			children = (
				0B2C154725A67FA100ACB2C7 /* SpotifySavedTracks.swift */,
				0B2C155225A67FB400ACB2C7 /* SpotifySearchTracks.swift */,
			);
			path = Spotify;
			sourceTree = "<group>";
		};
		0B2C158025A6805100ACB2C7 /* View */ = {
			isa = PBXGroup;
			children = (
				0B2C159B25A680E300ACB2C7 /* SecondaryViews */,
			);
			path = View;
			sourceTree = "<group>";
		};
		0B2C159B25A680E300ACB2C7 /* SecondaryViews */ = {
			isa = PBXGroup;
			children = (
				0B2C15A725A6810E00ACB2C7 /* BrowserViewDelegate.swift */,
				0B2C15D825A6822800ACB2C7 /* TracksTableViewDelegate.swift */,
			);
			path = SecondaryViews;
			sourceTree = "<group>";
		};
		0B2C15F925A683C800ACB2C7 /* Frameworks */ = {
			isa = PBXGroup;
			children = (
				18E7ADCCD331BE1D04A6E889 /* libPods-Music Transfer (iOS).a */,
				A656BF3686459084095FA1DD /* libPods-Music Transfer (macOS).a */,
			);
			name = Frameworks;
			sourceTree = "<group>";
		};
		0B63ACB425BA08DD001252F2 /* View */ = {
			isa = PBXGroup;
			children = (
			);
			path = View;
			sourceTree = "<group>";
		};
		0B9D64A025B8AED800A0B0C8 /* View */ = {
			isa = PBXGroup;
			children = (
				0B2C14BB25A6781300ACB2C7 /* TransferView.swift */,
				0BC2635B25BD815300820FE0 /* HistoryView.swift */,
				0B2C158125A6806800ACB2C7 /* ToolsView.swift */,
				0BC263C225BDA37B00820FE0 /* SecondaryViews */,
			);
			path = View;
			sourceTree = "<group>";
		};
		0BC263C225BDA37B00820FE0 /* SecondaryViews */ = {
			isa = PBXGroup;
			children = (
				0B2C159C25A680F700ACB2C7 /* BrowserView.swift */,
				0B2C15BC25A681B300ACB2C7 /* LoginView.swift */,
				0B2C159025A680B400ACB2C7 /* ProgressView.swift */,
				0B42353426E96A69007CAAB7 /* CaptchaRequestView.swift */,
				0B2C15AE25A6811E00ACB2C7 /* CaptchaView.swift */,
				0B2C15CA25A681EC00ACB2C7 /* TracksTable.swift */,
				0B2C15D125A6821500ACB2C7 /* TracksTableRow.swift */,
			);
			path = SecondaryViews;
			sourceTree = "<group>";
		};
		0BC8D854260A029200AC204E /* Model */ = {
			isa = PBXGroup;
			children = (
			);
			path = Model;
			sourceTree = "<group>";
		};
		0BE6DCA6271249D0003BEC3B /* Logs */ = {
			isa = PBXGroup;
			children = (
				0BE6DCA727124A20003BEC3B /* Log.swift */,
				0BE6DCAB27124A56003BEC3B /* LogType.swift */,
				0BE6DCA927124A43003BEC3B /* Logger.swift */,
			);
			path = Logs;
			sourceTree = "<group>";
		};
		0BE6DCAD27124B1B003BEC3B /* Network */ = {
			isa = PBXGroup;
			children = (
				0BE6DCAE27124B49003BEC3B /* NetworkService.swift */,
				0BE6DCB427124D65003BEC3B /* RequestError.swift */,
			);
			path = Network;
			sourceTree = "<group>";
		};
		3A4887CC3B4465DB9AE0DB68 /* Pods */ = {
			isa = PBXGroup;
			children = (
				7EEE3FB1BA30BB4DBC526ACB /* Pods-Music Transfer (iOS).debug.xcconfig */,
				23B1DAB7E4A98C795BB4878B /* Pods-Music Transfer (iOS).release.xcconfig */,
				79C983236031E66044334244 /* Pods-Music Transfer (macOS).debug.xcconfig */,
				8876561E8B46D3247135A453 /* Pods-Music Transfer (macOS).release.xcconfig */,
			);
			path = Pods;
			sourceTree = "<group>";
		};
/* End PBXGroup section */

/* Begin PBXNativeTarget section */
		0B2C14C025A6781300ACB2C7 /* Music Transfer (iOS) */ = {
			isa = PBXNativeTarget;
			buildConfigurationList = 0B2C14EB25A6781400ACB2C7 /* Build configuration list for PBXNativeTarget "Music Transfer (iOS)" */;
			buildPhases = (
				C51081FB5AA97129C63182B2 /* [CP] Check Pods Manifest.lock */,
				0B2C14BD25A6781300ACB2C7 /* Sources */,
				0B2C14BE25A6781300ACB2C7 /* Frameworks */,
				0B2C14BF25A6781300ACB2C7 /* Resources */,
			);
			buildRules = (
			);
			dependencies = (
			);
			name = "Music Transfer (iOS)";
			productName = "Music Transfer (iOS)";
			productReference = 0B2C14C125A6781300ACB2C7 /* Music Transfer.app */;
			productType = "com.apple.product-type.application";
		};
		0B2C14C825A6781300ACB2C7 /* Music Transfer (macOS) */ = {
			isa = PBXNativeTarget;
			buildConfigurationList = 0B2C14EE25A6781400ACB2C7 /* Build configuration list for PBXNativeTarget "Music Transfer (macOS)" */;
			buildPhases = (
				4221B0FCFCF6C4C351E5F621 /* [CP] Check Pods Manifest.lock */,
				0B2C14C525A6781300ACB2C7 /* Sources */,
				0B2C14C625A6781300ACB2C7 /* Frameworks */,
				0B2C14C725A6781300ACB2C7 /* Resources */,
			);
			buildRules = (
			);
			dependencies = (
			);
			name = "Music Transfer (macOS)";
			productName = "Music Transfer (macOS)";
			productReference = 0B2C14C925A6781300ACB2C7 /* Music Transfer.app */;
			productType = "com.apple.product-type.application";
		};
		0B2C14D025A6781300ACB2C7 /* Tests iOS */ = {
			isa = PBXNativeTarget;
			buildConfigurationList = 0B2C14F125A6781400ACB2C7 /* Build configuration list for PBXNativeTarget "Tests iOS" */;
			buildPhases = (
				0B2C14CD25A6781300ACB2C7 /* Sources */,
				0B2C14CE25A6781300ACB2C7 /* Frameworks */,
				0B2C14CF25A6781300ACB2C7 /* Resources */,
			);
			buildRules = (
			);
			dependencies = (
				0B2C14D325A6781400ACB2C7 /* PBXTargetDependency */,
			);
			name = "Tests iOS";
			productName = "Tests iOS";
			productReference = 0B2C14D125A6781300ACB2C7 /* Tests iOS.xctest */;
			productType = "com.apple.product-type.bundle.ui-testing";
		};
		0B2C14DB25A6781400ACB2C7 /* Tests macOS */ = {
			isa = PBXNativeTarget;
			buildConfigurationList = 0B2C14F425A6781400ACB2C7 /* Build configuration list for PBXNativeTarget "Tests macOS" */;
			buildPhases = (
				0B2C14D825A6781400ACB2C7 /* Sources */,
				0B2C14D925A6781400ACB2C7 /* Frameworks */,
				0B2C14DA25A6781400ACB2C7 /* Resources */,
			);
			buildRules = (
			);
			dependencies = (
				0B2C14DE25A6781400ACB2C7 /* PBXTargetDependency */,
			);
			name = "Tests macOS";
			productName = "Tests macOS";
			productReference = 0B2C14DC25A6781400ACB2C7 /* Tests macOS.xctest */;
			productType = "com.apple.product-type.bundle.ui-testing";
		};
/* End PBXNativeTarget section */

/* Begin PBXProject section */
		0B2C14B525A6781300ACB2C7 /* Project object */ = {
			isa = PBXProject;
			attributes = {
				LastSwiftUpdateCheck = 1230;
				LastUpgradeCheck = 1230;
				TargetAttributes = {
					0B2C14C025A6781300ACB2C7 = {
						CreatedOnToolsVersion = 12.3;
					};
					0B2C14C825A6781300ACB2C7 = {
						CreatedOnToolsVersion = 12.3;
					};
					0B2C14D025A6781300ACB2C7 = {
						CreatedOnToolsVersion = 12.3;
						TestTargetID = 0B2C14C025A6781300ACB2C7;
					};
					0B2C14DB25A6781400ACB2C7 = {
						CreatedOnToolsVersion = 12.3;
						TestTargetID = 0B2C14C825A6781300ACB2C7;
					};
				};
			};
			buildConfigurationList = 0B2C14B825A6781300ACB2C7 /* Build configuration list for PBXProject "Music Transfer" */;
			compatibilityVersion = "Xcode 9.3";
			developmentRegion = en;
			hasScannedForEncodings = 0;
			knownRegions = (
				en,
				Base,
			);
			mainGroup = 0B2C14B425A6781300ACB2C7;
			productRefGroup = 0B2C14C225A6781300ACB2C7 /* Products */;
			projectDirPath = "";
			projectRoot = "";
			targets = (
				0B2C14C025A6781300ACB2C7 /* Music Transfer (iOS) */,
				0B2C14C825A6781300ACB2C7 /* Music Transfer (macOS) */,
				0B2C14D025A6781300ACB2C7 /* Tests iOS */,
				0B2C14DB25A6781400ACB2C7 /* Tests macOS */,
			);
		};
/* End PBXProject section */

/* Begin PBXResourcesBuildPhase section */
		0B2C14BF25A6781300ACB2C7 /* Resources */ = {
			isa = PBXResourcesBuildPhase;
			buildActionMask = 2147483647;
			files = (
				0B2C14E725A6781400ACB2C7 /* Assets.xcassets in Resources */,
			);
			runOnlyForDeploymentPostprocessing = 0;
		};
		0B2C14C725A6781300ACB2C7 /* Resources */ = {
			isa = PBXResourcesBuildPhase;
			buildActionMask = 2147483647;
			files = (
				0B2C14E825A6781400ACB2C7 /* Assets.xcassets in Resources */,
			);
			runOnlyForDeploymentPostprocessing = 0;
		};
		0B2C14CF25A6781300ACB2C7 /* Resources */ = {
			isa = PBXResourcesBuildPhase;
			buildActionMask = 2147483647;
			files = (
			);
			runOnlyForDeploymentPostprocessing = 0;
		};
		0B2C14DA25A6781400ACB2C7 /* Resources */ = {
			isa = PBXResourcesBuildPhase;
			buildActionMask = 2147483647;
			files = (
			);
			runOnlyForDeploymentPostprocessing = 0;
		};
/* End PBXResourcesBuildPhase section */

/* Begin PBXShellScriptBuildPhase section */
		4221B0FCFCF6C4C351E5F621 /* [CP] Check Pods Manifest.lock */ = {
			isa = PBXShellScriptBuildPhase;
			buildActionMask = 2147483647;
			files = (
			);
			inputFileListPaths = (
			);
			inputPaths = (
				"${PODS_PODFILE_DIR_PATH}/Podfile.lock",
				"${PODS_ROOT}/Manifest.lock",
			);
			name = "[CP] Check Pods Manifest.lock";
			outputFileListPaths = (
			);
			outputPaths = (
				"$(DERIVED_FILE_DIR)/Pods-Music Transfer (macOS)-checkManifestLockResult.txt",
			);
			runOnlyForDeploymentPostprocessing = 0;
			shellPath = /bin/sh;
			shellScript = "diff \"${PODS_PODFILE_DIR_PATH}/Podfile.lock\" \"${PODS_ROOT}/Manifest.lock\" > /dev/null\nif [ $? != 0 ] ; then\n    # print error to STDERR\n    echo \"error: The sandbox is not in sync with the Podfile.lock. Run 'pod install' or update your CocoaPods installation.\" >&2\n    exit 1\nfi\n# This output is used by Xcode 'outputs' to avoid re-running this script phase.\necho \"SUCCESS\" > \"${SCRIPT_OUTPUT_FILE_0}\"\n";
			showEnvVarsInLog = 0;
		};
		C51081FB5AA97129C63182B2 /* [CP] Check Pods Manifest.lock */ = {
			isa = PBXShellScriptBuildPhase;
			buildActionMask = 2147483647;
			files = (
			);
			inputFileListPaths = (
			);
			inputPaths = (
				"${PODS_PODFILE_DIR_PATH}/Podfile.lock",
				"${PODS_ROOT}/Manifest.lock",
			);
			name = "[CP] Check Pods Manifest.lock";
			outputFileListPaths = (
			);
			outputPaths = (
				"$(DERIVED_FILE_DIR)/Pods-Music Transfer (iOS)-checkManifestLockResult.txt",
			);
			runOnlyForDeploymentPostprocessing = 0;
			shellPath = /bin/sh;
			shellScript = "diff \"${PODS_PODFILE_DIR_PATH}/Podfile.lock\" \"${PODS_ROOT}/Manifest.lock\" > /dev/null\nif [ $? != 0 ] ; then\n    # print error to STDERR\n    echo \"error: The sandbox is not in sync with the Podfile.lock. Run 'pod install' or update your CocoaPods installation.\" >&2\n    exit 1\nfi\n# This output is used by Xcode 'outputs' to avoid re-running this script phase.\necho \"SUCCESS\" > \"${SCRIPT_OUTPUT_FILE_0}\"\n";
			showEnvVarsInLog = 0;
		};
/* End PBXShellScriptBuildPhase section */

/* Begin PBXSourcesBuildPhase section */
		0B2C14BD25A6781300ACB2C7 /* Sources */ = {
			isa = PBXSourcesBuildPhase;
			buildActionMask = 2147483647;
			files = (
				0B02BC2026EEAE0300F395E6 /* View.swift in Sources */,
				0B2C156125A67FE700ACB2C7 /* VKSavedTracks.swift in Sources */,
				0BE6DCA827124A20003BEC3B /* Log.swift in Sources */,
				0BC2639A25BD9B7B00820FE0 /* APIBrowser.swift in Sources */,
				0BE6DCB527124D65003BEC3B /* RequestError.swift in Sources */,
				0B42353126E4D0F2007CAAB7 /* Captcha.swift in Sources */,
				0B2C155325A67FB400ACB2C7 /* SpotifySearchTracks.swift in Sources */,
				0BC8D84F260943DB00AC204E /* ToolsView.swift in Sources */,
				0B2C152525A67EDA00ACB2C7 /* VKService.swift in Sources */,
				0B2C160825A6843000ACB2C7 /* SpotifyKeys.swift in Sources */,
				0B2C150B25A67E6000ACB2C7 /* APIService.swift in Sources */,
				0B2C156825A67FFE00ACB2C7 /* VKCaptcha.swift in Sources */,
				0B2C15E025A682A000ACB2C7 /* Constants.swift in Sources */,
				0BC2635C25BD815300820FE0 /* HistoryView.swift in Sources */,
				0B42353526E96A69007CAAB7 /* CaptchaRequestView.swift in Sources */,
				0B42353326E4F5E1007CAAB7 /* CaptchaView.swift in Sources */,
				0B2C156F25A6801400ACB2C7 /* VKErrors.swift in Sources */,
				0B2C152C25A67EF400ACB2C7 /* SpotifyService.swift in Sources */,
				0BC263A425BD9B9F00820FE0 /* BrowserView.swift in Sources */,
				0BE6DCB8271251C6003BEC3B /* String.swift in Sources */,
				0BC8D85F260A890000AC204E /* CaptchaViewModel.swift in Sources */,
				0BC2639F25BD9B7F00820FE0 /* SpotifyBrowser.swift in Sources */,
				0B1755A325BF3A1A0094E75C /* LoginView.swift in Sources */,
				0B2C154825A67FA100ACB2C7 /* SpotifySavedTracks.swift in Sources */,
				0BE6DCAF27124B49003BEC3B /* NetworkService.swift in Sources */,
				0B2C157625A6802800ACB2C7 /* VKAddTrack.swift in Sources */,
				0B2C14E525A6781400ACB2C7 /* TransferView.swift in Sources */,
				0B2C160125A6841800ACB2C7 /* VKKeys.swift in Sources */,
				0BE6DCAA27124A43003BEC3B /* Logger.swift in Sources */,
				0B2C153B25A67F5A00ACB2C7 /* SharedTrack.swift in Sources */,
				0B42352B26E431A6007CAAB7 /* TransferState.swift in Sources */,
				0B2C14E325A6781400ACB2C7 /* Music_TransferApp.swift in Sources */,
				0BC2634925BCE91000820FE0 /* TracksTable.swift in Sources */,
				0BE6DCAC27124A56003BEC3B /* LogType.swift in Sources */,
				0B17559A25BF304D0094E75C /* LoginViewModel.swift in Sources */,
				0B2C155A25A67FCE00ACB2C7 /* VKUser.swift in Sources */,
				0BC2634425BCE90C00820FE0 /* TracksTableRow.swift in Sources */,
				0B63AD4E25BB3241001252F2 /* ProgressView.swift in Sources */,
			);
			runOnlyForDeploymentPostprocessing = 0;
		};
		0B2C14C525A6781300ACB2C7 /* Sources */ = {
			isa = PBXSourcesBuildPhase;
			buildActionMask = 2147483647;
			files = (
				0B2C156225A67FE700ACB2C7 /* VKSavedTracks.swift in Sources */,
				0B42353226E4D0F2007CAAB7 /* Captcha.swift in Sources */,
				0B2C155425A67FB400ACB2C7 /* SpotifySearchTracks.swift in Sources */,
				0B2C152625A67EDA00ACB2C7 /* VKService.swift in Sources */,
				0B2C15D325A6821500ACB2C7 /* TracksTableRow.swift in Sources */,
				0B2C160925A6843000ACB2C7 /* SpotifyKeys.swift in Sources */,
				0B2C153425A67F1C00ACB2C7 /* SpotifyBrowser.swift in Sources */,
				0B2C15BE25A681B300ACB2C7 /* LoginView.swift in Sources */,
				0BE6DCB127124CC1003BEC3B /* LogType.swift in Sources */,
				0B2C150C25A67E6000ACB2C7 /* APIService.swift in Sources */,
				0B2C15B025A6811E00ACB2C7 /* CaptchaView.swift in Sources */,
				0B2C156925A67FFE00ACB2C7 /* VKCaptcha.swift in Sources */,
				0B02BC1D26EEA58000F395E6 /* BrowserViewDelegate.swift in Sources */,
				0B02BC2126EEAF6000F395E6 /* View.swift in Sources */,
				0B02BC1C26EEA4F400F395E6 /* LoginViewModel.swift in Sources */,
				0B42353626E96A6A007CAAB7 /* CaptchaRequestView.swift in Sources */,
				0B2C15E125A682A000ACB2C7 /* Constants.swift in Sources */,
				0B2C157025A6801400ACB2C7 /* VKErrors.swift in Sources */,
				0B2C152D25A67EF400ACB2C7 /* SpotifyService.swift in Sources */,
				0B2C15DA25A6822800ACB2C7 /* TracksTableViewDelegate.swift in Sources */,
				0BC2635D25BD815300820FE0 /* HistoryView.swift in Sources */,
				0BC8D860260A890000AC204E /* CaptchaViewModel.swift in Sources */,
				0BE6DCB927125705003BEC3B /* String.swift in Sources */,
				0B2C154925A67FA100ACB2C7 /* SpotifySavedTracks.swift in Sources */,
				0BE6DCB027124CBE003BEC3B /* Log.swift in Sources */,
				0B2C158325A6806800ACB2C7 /* ToolsView.swift in Sources */,
				0B2C151725A67E8800ACB2C7 /* APIBrowser.swift in Sources */,
				0BE6DCB227124CC4003BEC3B /* Logger.swift in Sources */,
				0B2C157725A6802800ACB2C7 /* VKAddTrack.swift in Sources */,
				0B2C15CC25A681EC00ACB2C7 /* TracksTable.swift in Sources */,
				0B42352C26E431A6007CAAB7 /* TransferState.swift in Sources */,
				0B2C14E625A6781400ACB2C7 /* TransferView.swift in Sources */,
				0B2C159E25A680F700ACB2C7 /* BrowserView.swift in Sources */,
				0B2C160225A6841800ACB2C7 /* VKKeys.swift in Sources */,
				0B2C153C25A67F5A00ACB2C7 /* SharedTrack.swift in Sources */,
				0BE6DCB327124CC7003BEC3B /* NetworkService.swift in Sources */,
				0BE6DCB627124D86003BEC3B /* RequestError.swift in Sources */,
				0B2C14E425A6781400ACB2C7 /* Music_TransferApp.swift in Sources */,
				0B2C155B25A67FCE00ACB2C7 /* VKUser.swift in Sources */,
				0B2C159225A680B400ACB2C7 /* ProgressView.swift in Sources */,
			);
			runOnlyForDeploymentPostprocessing = 0;
		};
		0B2C14CD25A6781300ACB2C7 /* Sources */ = {
			isa = PBXSourcesBuildPhase;
			buildActionMask = 2147483647;
			files = (
				0B2C14D625A6781400ACB2C7 /* Tests_iOS.swift in Sources */,
			);
			runOnlyForDeploymentPostprocessing = 0;
		};
		0B2C14D825A6781400ACB2C7 /* Sources */ = {
			isa = PBXSourcesBuildPhase;
			buildActionMask = 2147483647;
			files = (
				0B2C14E125A6781400ACB2C7 /* Tests_macOS.swift in Sources */,
			);
			runOnlyForDeploymentPostprocessing = 0;
		};
/* End PBXSourcesBuildPhase section */

/* Begin PBXTargetDependency section */
		0B2C14D325A6781400ACB2C7 /* PBXTargetDependency */ = {
			isa = PBXTargetDependency;
			target = 0B2C14C025A6781300ACB2C7 /* Music Transfer (iOS) */;
			targetProxy = 0B2C14D225A6781400ACB2C7 /* PBXContainerItemProxy */;
		};
		0B2C14DE25A6781400ACB2C7 /* PBXTargetDependency */ = {
			isa = PBXTargetDependency;
			target = 0B2C14C825A6781300ACB2C7 /* Music Transfer (macOS) */;
			targetProxy = 0B2C14DD25A6781400ACB2C7 /* PBXContainerItemProxy */;
		};
/* End PBXTargetDependency section */

/* Begin XCBuildConfiguration section */
		0B2C14E925A6781400ACB2C7 /* Debug */ = {
			isa = XCBuildConfiguration;
			buildSettings = {
				ALWAYS_SEARCH_USER_PATHS = NO;
				CLANG_ANALYZER_NONNULL = YES;
				CLANG_ANALYZER_NUMBER_OBJECT_CONVERSION = YES_AGGRESSIVE;
				CLANG_CXX_LANGUAGE_STANDARD = "gnu++14";
				CLANG_CXX_LIBRARY = "libc++";
				CLANG_ENABLE_MODULES = YES;
				CLANG_ENABLE_OBJC_ARC = YES;
				CLANG_ENABLE_OBJC_WEAK = YES;
				CLANG_WARN_BLOCK_CAPTURE_AUTORELEASING = YES;
				CLANG_WARN_BOOL_CONVERSION = YES;
				CLANG_WARN_COMMA = YES;
				CLANG_WARN_CONSTANT_CONVERSION = YES;
				CLANG_WARN_DEPRECATED_OBJC_IMPLEMENTATIONS = YES;
				CLANG_WARN_DIRECT_OBJC_ISA_USAGE = YES_ERROR;
				CLANG_WARN_DOCUMENTATION_COMMENTS = YES;
				CLANG_WARN_EMPTY_BODY = YES;
				CLANG_WARN_ENUM_CONVERSION = YES;
				CLANG_WARN_INFINITE_RECURSION = YES;
				CLANG_WARN_INT_CONVERSION = YES;
				CLANG_WARN_NON_LITERAL_NULL_CONVERSION = YES;
				CLANG_WARN_OBJC_IMPLICIT_RETAIN_SELF = YES;
				CLANG_WARN_OBJC_LITERAL_CONVERSION = YES;
				CLANG_WARN_OBJC_ROOT_CLASS = YES_ERROR;
				CLANG_WARN_QUOTED_INCLUDE_IN_FRAMEWORK_HEADER = YES;
				CLANG_WARN_RANGE_LOOP_ANALYSIS = YES;
				CLANG_WARN_STRICT_PROTOTYPES = YES;
				CLANG_WARN_SUSPICIOUS_MOVE = YES;
				CLANG_WARN_UNGUARDED_AVAILABILITY = YES_AGGRESSIVE;
				CLANG_WARN_UNREACHABLE_CODE = YES;
				CLANG_WARN__DUPLICATE_METHOD_MATCH = YES;
				COPY_PHASE_STRIP = NO;
				DEBUG_INFORMATION_FORMAT = dwarf;
				ENABLE_STRICT_OBJC_MSGSEND = YES;
				ENABLE_TESTABILITY = YES;
				GCC_C_LANGUAGE_STANDARD = gnu11;
				GCC_DYNAMIC_NO_PIC = NO;
				GCC_NO_COMMON_BLOCKS = YES;
				GCC_OPTIMIZATION_LEVEL = 0;
				GCC_PREPROCESSOR_DEFINITIONS = (
					"DEBUG=1",
					"$(inherited)",
				);
				GCC_WARN_64_TO_32_BIT_CONVERSION = YES;
				GCC_WARN_ABOUT_RETURN_TYPE = YES_ERROR;
				GCC_WARN_UNDECLARED_SELECTOR = YES;
				GCC_WARN_UNINITIALIZED_AUTOS = YES_AGGRESSIVE;
				GCC_WARN_UNUSED_FUNCTION = YES;
				GCC_WARN_UNUSED_VARIABLE = YES;
				IPHONEOS_DEPLOYMENT_TARGET = 13.0;
				MACOSX_DEPLOYMENT_TARGET = 11.0;
				MTL_ENABLE_DEBUG_INFO = INCLUDE_SOURCE;
				MTL_FAST_MATH = YES;
				ONLY_ACTIVE_ARCH = YES;
				SWIFT_ACTIVE_COMPILATION_CONDITIONS = DEBUG;
				SWIFT_OPTIMIZATION_LEVEL = "-Onone";
			};
			name = Debug;
		};
		0B2C14EA25A6781400ACB2C7 /* Release */ = {
			isa = XCBuildConfiguration;
			buildSettings = {
				ALWAYS_SEARCH_USER_PATHS = NO;
				CLANG_ANALYZER_NONNULL = YES;
				CLANG_ANALYZER_NUMBER_OBJECT_CONVERSION = YES_AGGRESSIVE;
				CLANG_CXX_LANGUAGE_STANDARD = "gnu++14";
				CLANG_CXX_LIBRARY = "libc++";
				CLANG_ENABLE_MODULES = YES;
				CLANG_ENABLE_OBJC_ARC = YES;
				CLANG_ENABLE_OBJC_WEAK = YES;
				CLANG_WARN_BLOCK_CAPTURE_AUTORELEASING = YES;
				CLANG_WARN_BOOL_CONVERSION = YES;
				CLANG_WARN_COMMA = YES;
				CLANG_WARN_CONSTANT_CONVERSION = YES;
				CLANG_WARN_DEPRECATED_OBJC_IMPLEMENTATIONS = YES;
				CLANG_WARN_DIRECT_OBJC_ISA_USAGE = YES_ERROR;
				CLANG_WARN_DOCUMENTATION_COMMENTS = YES;
				CLANG_WARN_EMPTY_BODY = YES;
				CLANG_WARN_ENUM_CONVERSION = YES;
				CLANG_WARN_INFINITE_RECURSION = YES;
				CLANG_WARN_INT_CONVERSION = YES;
				CLANG_WARN_NON_LITERAL_NULL_CONVERSION = YES;
				CLANG_WARN_OBJC_IMPLICIT_RETAIN_SELF = YES;
				CLANG_WARN_OBJC_LITERAL_CONVERSION = YES;
				CLANG_WARN_OBJC_ROOT_CLASS = YES_ERROR;
				CLANG_WARN_QUOTED_INCLUDE_IN_FRAMEWORK_HEADER = YES;
				CLANG_WARN_RANGE_LOOP_ANALYSIS = YES;
				CLANG_WARN_STRICT_PROTOTYPES = YES;
				CLANG_WARN_SUSPICIOUS_MOVE = YES;
				CLANG_WARN_UNGUARDED_AVAILABILITY = YES_AGGRESSIVE;
				CLANG_WARN_UNREACHABLE_CODE = YES;
				CLANG_WARN__DUPLICATE_METHOD_MATCH = YES;
				COPY_PHASE_STRIP = NO;
				DEBUG_INFORMATION_FORMAT = "dwarf-with-dsym";
				ENABLE_NS_ASSERTIONS = NO;
				ENABLE_STRICT_OBJC_MSGSEND = YES;
				GCC_C_LANGUAGE_STANDARD = gnu11;
				GCC_NO_COMMON_BLOCKS = YES;
				GCC_WARN_64_TO_32_BIT_CONVERSION = YES;
				GCC_WARN_ABOUT_RETURN_TYPE = YES_ERROR;
				GCC_WARN_UNDECLARED_SELECTOR = YES;
				GCC_WARN_UNINITIALIZED_AUTOS = YES_AGGRESSIVE;
				GCC_WARN_UNUSED_FUNCTION = YES;
				GCC_WARN_UNUSED_VARIABLE = YES;
				IPHONEOS_DEPLOYMENT_TARGET = 13.0;
				MACOSX_DEPLOYMENT_TARGET = 11.0;
				MTL_ENABLE_DEBUG_INFO = NO;
				MTL_FAST_MATH = YES;
				SWIFT_COMPILATION_MODE = wholemodule;
				SWIFT_OPTIMIZATION_LEVEL = "-O";
			};
			name = Release;
		};
		0B2C14EC25A6781400ACB2C7 /* Debug */ = {
			isa = XCBuildConfiguration;
			baseConfigurationReference = 7EEE3FB1BA30BB4DBC526ACB /* Pods-Music Transfer (iOS).debug.xcconfig */;
			buildSettings = {
				ASSETCATALOG_COMPILER_APPICON_NAME = AppIcon;
				ASSETCATALOG_COMPILER_GLOBAL_ACCENT_COLOR_NAME = AccentColor;
				CODE_SIGN_IDENTITY = "Apple Development";
				CODE_SIGN_STYLE = Automatic;
				DEVELOPMENT_TEAM = 3HG9ZBM8AV;
				ENABLE_PREVIEWS = YES;
				INFOPLIST_FILE = iOS/Info.plist;
				IPHONEOS_DEPLOYMENT_TARGET = 14.0;
				LD_RUNPATH_SEARCH_PATHS = (
					"$(inherited)",
					"@executable_path/Frameworks",
				);
				MARKETING_VERSION = 1.0;
				PRODUCT_BUNDLE_IDENTIFIER = "panandafog.Music-Transfer";
				PRODUCT_NAME = "Music Transfer";
				PROVISIONING_PROFILE_SPECIFIER = "";
				SDKROOT = iphoneos;
				SWIFT_VERSION = 5.0;
				TARGETED_DEVICE_FAMILY = "1,2";
			};
			name = Debug;
		};
		0B2C14ED25A6781400ACB2C7 /* Release */ = {
			isa = XCBuildConfiguration;
			baseConfigurationReference = 23B1DAB7E4A98C795BB4878B /* Pods-Music Transfer (iOS).release.xcconfig */;
			buildSettings = {
				ASSETCATALOG_COMPILER_APPICON_NAME = AppIcon;
				ASSETCATALOG_COMPILER_GLOBAL_ACCENT_COLOR_NAME = AccentColor;
				CODE_SIGN_IDENTITY = "Apple Development";
				CODE_SIGN_STYLE = Automatic;
				DEVELOPMENT_TEAM = 3HG9ZBM8AV;
				ENABLE_PREVIEWS = YES;
				INFOPLIST_FILE = iOS/Info.plist;
				IPHONEOS_DEPLOYMENT_TARGET = 14.0;
				LD_RUNPATH_SEARCH_PATHS = (
					"$(inherited)",
					"@executable_path/Frameworks",
				);
				MARKETING_VERSION = 1.0;
				PRODUCT_BUNDLE_IDENTIFIER = "panandafog.Music-Transfer";
				PRODUCT_NAME = "Music Transfer";
				PROVISIONING_PROFILE_SPECIFIER = "";
				SDKROOT = iphoneos;
				SWIFT_VERSION = 5.0;
				TARGETED_DEVICE_FAMILY = "1,2";
				VALIDATE_PRODUCT = YES;
			};
			name = Release;
		};
		0B2C14EF25A6781400ACB2C7 /* Debug */ = {
			isa = XCBuildConfiguration;
			baseConfigurationReference = 79C983236031E66044334244 /* Pods-Music Transfer (macOS).debug.xcconfig */;
			buildSettings = {
				ASSETCATALOG_COMPILER_APPICON_NAME = AppIcon;
				ASSETCATALOG_COMPILER_GLOBAL_ACCENT_COLOR_NAME = AccentColor;
				CODE_SIGN_ENTITLEMENTS = macOS/macOS.entitlements;
				CODE_SIGN_STYLE = Automatic;
				COMBINE_HIDPI_IMAGES = YES;
				DEVELOPMENT_TEAM = 3HG9ZBM8AV;
				ENABLE_HARDENED_RUNTIME = YES;
				ENABLE_PREVIEWS = YES;
				INFOPLIST_FILE = macOS/Info.plist;
				LD_RUNPATH_SEARCH_PATHS = (
					"$(inherited)",
					"@executable_path/../Frameworks",
				);
				MACOSX_DEPLOYMENT_TARGET = 11.0;
				PRODUCT_BUNDLE_IDENTIFIER = "panandafog.Music-Transfer";
				PRODUCT_NAME = "Music Transfer";
				SDKROOT = macosx;
				SWIFT_VERSION = 5.0;
			};
			name = Debug;
		};
		0B2C14F025A6781400ACB2C7 /* Release */ = {
			isa = XCBuildConfiguration;
			baseConfigurationReference = 8876561E8B46D3247135A453 /* Pods-Music Transfer (macOS).release.xcconfig */;
			buildSettings = {
				ASSETCATALOG_COMPILER_APPICON_NAME = AppIcon;
				ASSETCATALOG_COMPILER_GLOBAL_ACCENT_COLOR_NAME = AccentColor;
				CODE_SIGN_ENTITLEMENTS = macOS/macOS.entitlements;
				CODE_SIGN_STYLE = Automatic;
				COMBINE_HIDPI_IMAGES = YES;
				DEVELOPMENT_TEAM = 3HG9ZBM8AV;
				ENABLE_HARDENED_RUNTIME = YES;
				ENABLE_PREVIEWS = YES;
				INFOPLIST_FILE = macOS/Info.plist;
				LD_RUNPATH_SEARCH_PATHS = (
					"$(inherited)",
					"@executable_path/../Frameworks",
				);
				MACOSX_DEPLOYMENT_TARGET = 11.0;
				PRODUCT_BUNDLE_IDENTIFIER = "panandafog.Music-Transfer";
				PRODUCT_NAME = "Music Transfer";
				SDKROOT = macosx;
				SWIFT_VERSION = 5.0;
			};
			name = Release;
		};
		0B2C14F225A6781400ACB2C7 /* Debug */ = {
			isa = XCBuildConfiguration;
			buildSettings = {
				ALWAYS_EMBED_SWIFT_STANDARD_LIBRARIES = YES;
				CODE_SIGN_STYLE = Automatic;
				DEVELOPMENT_TEAM = 3HG9ZBM8AV;
				INFOPLIST_FILE = "Tests iOS/Info.plist";
				IPHONEOS_DEPLOYMENT_TARGET = 14.3;
				LD_RUNPATH_SEARCH_PATHS = (
					"$(inherited)",
					"@executable_path/Frameworks",
					"@loader_path/Frameworks",
				);
				PRODUCT_BUNDLE_IDENTIFIER = "panandafog.Tests-iOS";
				PRODUCT_NAME = "$(TARGET_NAME)";
				SDKROOT = iphoneos;
				SWIFT_VERSION = 5.0;
				TARGETED_DEVICE_FAMILY = "1,2";
				TEST_TARGET_NAME = "Music Transfer (iOS)";
			};
			name = Debug;
		};
		0B2C14F325A6781400ACB2C7 /* Release */ = {
			isa = XCBuildConfiguration;
			buildSettings = {
				ALWAYS_EMBED_SWIFT_STANDARD_LIBRARIES = YES;
				CODE_SIGN_STYLE = Automatic;
				DEVELOPMENT_TEAM = 3HG9ZBM8AV;
				INFOPLIST_FILE = "Tests iOS/Info.plist";
				IPHONEOS_DEPLOYMENT_TARGET = 14.3;
				LD_RUNPATH_SEARCH_PATHS = (
					"$(inherited)",
					"@executable_path/Frameworks",
					"@loader_path/Frameworks",
				);
				PRODUCT_BUNDLE_IDENTIFIER = "panandafog.Tests-iOS";
				PRODUCT_NAME = "$(TARGET_NAME)";
				SDKROOT = iphoneos;
				SWIFT_VERSION = 5.0;
				TARGETED_DEVICE_FAMILY = "1,2";
				TEST_TARGET_NAME = "Music Transfer (iOS)";
				VALIDATE_PRODUCT = YES;
			};
			name = Release;
		};
		0B2C14F525A6781400ACB2C7 /* Debug */ = {
			isa = XCBuildConfiguration;
			buildSettings = {
				ALWAYS_EMBED_SWIFT_STANDARD_LIBRARIES = YES;
				CODE_SIGN_STYLE = Automatic;
				COMBINE_HIDPI_IMAGES = YES;
				DEVELOPMENT_TEAM = 3HG9ZBM8AV;
				INFOPLIST_FILE = "Tests macOS/Info.plist";
				LD_RUNPATH_SEARCH_PATHS = (
					"$(inherited)",
					"@executable_path/../Frameworks",
					"@loader_path/../Frameworks",
				);
				MACOSX_DEPLOYMENT_TARGET = 11.1;
				PRODUCT_BUNDLE_IDENTIFIER = "panandafog.Tests-macOS";
				PRODUCT_NAME = "$(TARGET_NAME)";
				SDKROOT = macosx;
				SWIFT_VERSION = 5.0;
				TEST_TARGET_NAME = "Music Transfer (macOS)";
			};
			name = Debug;
		};
		0B2C14F625A6781400ACB2C7 /* Release */ = {
			isa = XCBuildConfiguration;
			buildSettings = {
				ALWAYS_EMBED_SWIFT_STANDARD_LIBRARIES = YES;
				CODE_SIGN_STYLE = Automatic;
				COMBINE_HIDPI_IMAGES = YES;
				DEVELOPMENT_TEAM = 3HG9ZBM8AV;
				INFOPLIST_FILE = "Tests macOS/Info.plist";
				LD_RUNPATH_SEARCH_PATHS = (
					"$(inherited)",
					"@executable_path/../Frameworks",
					"@loader_path/../Frameworks",
				);
				MACOSX_DEPLOYMENT_TARGET = 11.1;
				PRODUCT_BUNDLE_IDENTIFIER = "panandafog.Tests-macOS";
				PRODUCT_NAME = "$(TARGET_NAME)";
				SDKROOT = macosx;
				SWIFT_VERSION = 5.0;
				TEST_TARGET_NAME = "Music Transfer (macOS)";
			};
			name = Release;
		};
/* End XCBuildConfiguration section */

/* Begin XCConfigurationList section */
		0B2C14B825A6781300ACB2C7 /* Build configuration list for PBXProject "Music Transfer" */ = {
			isa = XCConfigurationList;
			buildConfigurations = (
				0B2C14E925A6781400ACB2C7 /* Debug */,
				0B2C14EA25A6781400ACB2C7 /* Release */,
			);
			defaultConfigurationIsVisible = 0;
			defaultConfigurationName = Release;
		};
		0B2C14EB25A6781400ACB2C7 /* Build configuration list for PBXNativeTarget "Music Transfer (iOS)" */ = {
			isa = XCConfigurationList;
			buildConfigurations = (
				0B2C14EC25A6781400ACB2C7 /* Debug */,
				0B2C14ED25A6781400ACB2C7 /* Release */,
			);
			defaultConfigurationIsVisible = 0;
			defaultConfigurationName = Release;
		};
		0B2C14EE25A6781400ACB2C7 /* Build configuration list for PBXNativeTarget "Music Transfer (macOS)" */ = {
			isa = XCConfigurationList;
			buildConfigurations = (
				0B2C14EF25A6781400ACB2C7 /* Debug */,
				0B2C14F025A6781400ACB2C7 /* Release */,
			);
			defaultConfigurationIsVisible = 0;
			defaultConfigurationName = Release;
		};
		0B2C14F125A6781400ACB2C7 /* Build configuration list for PBXNativeTarget "Tests iOS" */ = {
			isa = XCConfigurationList;
			buildConfigurations = (
				0B2C14F225A6781400ACB2C7 /* Debug */,
				0B2C14F325A6781400ACB2C7 /* Release */,
			);
			defaultConfigurationIsVisible = 0;
			defaultConfigurationName = Release;
		};
		0B2C14F425A6781400ACB2C7 /* Build configuration list for PBXNativeTarget "Tests macOS" */ = {
			isa = XCConfigurationList;
			buildConfigurations = (
				0B2C14F525A6781400ACB2C7 /* Debug */,
				0B2C14F625A6781400ACB2C7 /* Release */,
			);
			defaultConfigurationIsVisible = 0;
			defaultConfigurationName = Release;
		};
/* End XCConfigurationList section */
	};
	rootObject = 0B2C14B525A6781300ACB2C7 /* Project object */;
}
